{
  "version": "4",
  "specifiers": {
    "jsr:@std/assert@*": "1.0.8",
    "jsr:@std/assert@1": "1.0.8",
    "jsr:@std/internal@^1.0.5": "1.0.5",
    "npm:@types/node@*": "22.5.4",
    "npm:threads@*": "1.7.0",
    "npm:threads@^1.7.0": "1.7.0"
  },
  "jsr": {
    "@std/assert@1.0.8": {
      "integrity": "ebe0bd7eb488ee39686f77003992f389a06c3da1bbd8022184804852b2fa641b",
      "dependencies": [
        "jsr:@std/internal"
      ]
    },
    "@std/internal@1.0.5": {
      "integrity": "54a546004f769c1ac9e025abd15a76b6671ddc9687e2313b67376125650dc7ba"
    }
  },
  "npm": {
    "@types/node@22.5.4": {
      "integrity": "sha512-FDuKUJQm/ju9fT/SeX/6+gBzoPzlVCzfzmGkwKvRHQVxi4BntVbyIwf6a4Xn62mrvndLiml6z/UBXIdEVjQLXg==",
      "dependencies": [
        "undici-types"
      ]
    },
    "callsites@3.1.0": {
      "integrity": "sha512-P8BjAsXvZS+VIDUI11hHCQEv74YT67YUi5JJFNWIqL235sBmjX4+qx9Muvls5ivyNENctx46xQLQ3aTuE7ssaQ=="
    },
    "debug@4.4.0": {
      "integrity": "sha512-6WTZ/IxCY/T6BALoZHaE4ctp9xm+Z5kY/pzYaCHRFeyVhojxlrm+46y68HA6hr0TcwEssoxNiDEUJQjfPZ/RYA==",
      "dependencies": [
        "ms"
      ]
    },
    "esm@3.2.25": {
      "integrity": "sha512-U1suiZ2oDVWv4zPO56S0NcR5QriEahGtdN2OR6FiOG4WJvcjBVFB0qI4+eKoWFH483PKGuLuu6V8Z4T5g63UVA=="
    },
    "is-observable@2.1.0": {
      "integrity": "sha512-DailKdLb0WU+xX8K5w7VsJhapwHLZ9jjmazqCJq4X12CTgqq73TKnbRcnSLuXYPOoLQgV5IrD7ePiX/h1vnkBw=="
    },
    "ms@2.1.3": {
      "integrity": "sha512-6FlzubTLZG3J2a/NVCAleEhjzq5oxgHyaCU9yYXvcLsvoVaHJq/s5xXI6/XXP6tz7R9xAOtHnSO/tXtF3WRTlA=="
    },
    "observable-fns@0.6.1": {
      "integrity": "sha512-9gRK4+sRWzeN6AOewNBTLXir7Zl/i3GB6Yl26gK4flxz8BXVpD3kt8amREmWNb0mxYOGDotvE5a4N+PtGGKdkg=="
    },
    "threads@1.7.0": {
      "integrity": "sha512-Mx5NBSHX3sQYR6iI9VYbgHKBLisyB+xROCBGjjWm1O9wb9vfLxdaGtmT/KCjUqMsSNW6nERzCW3T6H43LqjDZQ==",
      "dependencies": [
        "callsites",
        "debug",
        "is-observable",
        "observable-fns",
        "tiny-worker"
      ]
    },
    "tiny-worker@2.3.0": {
      "integrity": "sha512-pJ70wq5EAqTAEl9IkGzA+fN0836rycEuz2Cn6yeZ6FRzlVS5IDOkFHpIoEsksPRQV34GDqXm65+OlnZqUSyK2g==",
      "dependencies": [
        "esm"
      ]
    },
    "undici-types@6.19.8": {
      "integrity": "sha512-ve2KP6f/JnbPBFyobGHuerC9g1FYGn/F8n1LWTwNxCEzd6IfqTwUQcNXgEtmmQ6DlRrC1hrSrBnCZPokRrDHjw=="
    }
  },
  "redirects": {
    "https://deno.land/x/promise_array_parallel/mod.ts": "https://deno.land/x/promise_array_parallel@0.0.1-alpha.6/mod.ts"
  },
  "remote": {
    "https://deno.land/x/promise_array_parallel@0.0.1-alpha.6/mod.ts": "f1a3f75b8135c5f300de560c654b8de080f951fdee8bda8b070d6dcd36d86a74",
    "https://deno.land/x/promise_array_parallel@0.0.1-alpha.6/src/promise_array_parallel.ts": "a00b3f90e033ab40a1d62ebcbd55fb65b2a1fe6488aae2aa7aa47edc1efe702d",
    "https://deno.land/x/promise_array_parallel@0.0.1-alpha.6/src/util.ts": "38aa154deffe967adc8ccbb10818308690a16ee063645b7e437203c8e171901b"
  },
  "workspace": {
    "dependencies": [
      "jsr:@std/assert@1",
      "npm:threads@^1.7.0"
    ]
  }
}
